
Microsoft Visual Studio Solution File, Format Version 12.00
# Visual Studio Version 17
VisualStudioVersion = 17.4.33205.214
MinimumVisualStudioVersion = 10.0.40219.1
Project("{8BC9CEB8-8B4A-11D0-8D11-00A0C91BC942}") = "voltageActivitySample", "voltageActivitySample\voltageActivitySample.vcxproj", "{C8F839D7-CAEC-43A0-AC57-DA382E6D3BB4}"
EndProject
Project("{2150E333-8FDC-42A3-9474-1A3956D46DE8}") = "SerialFrameworkSampleGroup", "SerialFrameworkSampleGroup", "{79028434-200F-498C-866A-41FAA7C7A16C}"
EndProject
Project("{8BC9CEB8-8B4A-11D0-8D11-00A0C91BC942}") = "SimModuleActivitySample", "SerialFrameworkSample\SerialFrameworkSample\SerialFrameworkSample.vcxproj", "{E62FB778-BFBC-441F-805A-CD4009BDC857}"
EndProject
Project("{8BC9CEB8-8B4A-11D0-8D11-00A0C91BC942}") = "SerialFrameworkSample_Test", "SerialFrameworkSample\SerialFrameworkSample_Test\SerialFrameworkSample_Test.vcxproj", "{3A0F2B7F-104F-414E-944F-61FC57166491}"
EndProject
Project("{2150E333-8FDC-42A3-9474-1A3956D46DE8}") = "VoltageActivity", "VoltageActivity", "{39B9EBDF-08BE-4AC3-A63F-0E153B077D37}"
EndProject
Project("{2150E333-8FDC-42A3-9474-1A3956D46DE8}") = "test", "test", "{82ABE21C-AA9F-4BCA-B43F-6E8C1A158E0F}"
EndProject
Project("{2150E333-8FDC-42A3-9474-1A3956D46DE8}") = "externalLibraries", "externalLibraries", "{327A2D65-C9BE-4D06-804C-CCA11D6BA8D1}"
	ProjectSection(SolutionItems) = preProject
		..\AnalogPort.cpp = ..\AnalogPort.cpp
		..\AnalogPort.h = ..\AnalogPort.h
		..\AnalogPortSensor.cpp = ..\AnalogPortSensor.cpp
		..\AnalogPortSensor.h = ..\AnalogPortSensor.h
		..\AvrMicroRepository.cpp = ..\AvrMicroRepository.cpp
		..\AvrMicroRepository.h = ..\AvrMicroRepository.h
		..\commonsLayer.cpp = ..\commonsLayer.cpp
		..\commonsLayer.h = ..\commonsLayer.h
		..\DeviceActivity.cpp = ..\DeviceActivity.cpp
		..\DeviceActivity.h = ..\DeviceActivity.h
		..\DigitalPort.cpp = ..\DigitalPort.cpp
		..\DigitalPort.h = ..\DigitalPort.h
		..\DigitalPortSensor.cpp = ..\DigitalPortSensor.cpp
		..\DigitalPortSensor.h = ..\DigitalPortSensor.h
		..\InterfaceSerialRepository.h = ..\InterfaceSerialRepository.h
		..\SimModuleActivity.cpp = ..\SimModuleActivity.cpp
		..\SimModuleActivity.h = ..\SimModuleActivity.h
		..\SimModuleDevice.cpp = ..\SimModuleDevice.cpp
		..\SimModuleDevice.h = ..\SimModuleDevice.h
		..\SimProgMemRepository.cpp = ..\SimProgMemRepository.cpp
		..\SimProgMemRepository.h = ..\SimProgMemRepository.h
		..\SIM_AT_COMMADS.h = ..\SIM_AT_COMMADS.h
		..\SIM_RESPONSE_DATA.h = ..\SIM_RESPONSE_DATA.h
		..\SoftwareSerialRepository.cpp = ..\SoftwareSerialRepository.cpp
		..\SoftwareSerialRepository.h = ..\SoftwareSerialRepository.h
		..\VoltageActivity.cpp = ..\VoltageActivity.cpp
		..\VoltageActivity.h = ..\VoltageActivity.h
	EndProjectSection
EndProject
Global
	GlobalSection(SolutionConfigurationPlatforms) = preSolution
		Debug|ARM = Debug|ARM
		Debug|ARM64 = Debug|ARM64
		Debug|x64 = Debug|x64
		Debug|x86 = Debug|x86
		Release|ARM = Release|ARM
		Release|ARM64 = Release|ARM64
		Release|x64 = Release|x64
		Release|x86 = Release|x86
	EndGlobalSection
	GlobalSection(ProjectConfigurationPlatforms) = postSolution
		{C8F839D7-CAEC-43A0-AC57-DA382E6D3BB4}.Debug|ARM.ActiveCfg = Debug|ARM
		{C8F839D7-CAEC-43A0-AC57-DA382E6D3BB4}.Debug|ARM.Build.0 = Debug|ARM
		{C8F839D7-CAEC-43A0-AC57-DA382E6D3BB4}.Debug|ARM.Deploy.0 = Debug|ARM
		{C8F839D7-CAEC-43A0-AC57-DA382E6D3BB4}.Debug|ARM64.ActiveCfg = Debug|ARM64
		{C8F839D7-CAEC-43A0-AC57-DA382E6D3BB4}.Debug|ARM64.Build.0 = Debug|ARM64
		{C8F839D7-CAEC-43A0-AC57-DA382E6D3BB4}.Debug|ARM64.Deploy.0 = Debug|ARM64
		{C8F839D7-CAEC-43A0-AC57-DA382E6D3BB4}.Debug|x64.ActiveCfg = Debug|x64
		{C8F839D7-CAEC-43A0-AC57-DA382E6D3BB4}.Debug|x64.Build.0 = Debug|x64
		{C8F839D7-CAEC-43A0-AC57-DA382E6D3BB4}.Debug|x64.Deploy.0 = Debug|x64
		{C8F839D7-CAEC-43A0-AC57-DA382E6D3BB4}.Debug|x86.ActiveCfg = Debug|x86
		{C8F839D7-CAEC-43A0-AC57-DA382E6D3BB4}.Debug|x86.Build.0 = Debug|x86
		{C8F839D7-CAEC-43A0-AC57-DA382E6D3BB4}.Debug|x86.Deploy.0 = Debug|x86
		{C8F839D7-CAEC-43A0-AC57-DA382E6D3BB4}.Release|ARM.ActiveCfg = Release|ARM
		{C8F839D7-CAEC-43A0-AC57-DA382E6D3BB4}.Release|ARM.Build.0 = Release|ARM
		{C8F839D7-CAEC-43A0-AC57-DA382E6D3BB4}.Release|ARM.Deploy.0 = Release|ARM
		{C8F839D7-CAEC-43A0-AC57-DA382E6D3BB4}.Release|ARM64.ActiveCfg = Release|ARM64
		{C8F839D7-CAEC-43A0-AC57-DA382E6D3BB4}.Release|ARM64.Build.0 = Release|ARM64
		{C8F839D7-CAEC-43A0-AC57-DA382E6D3BB4}.Release|ARM64.Deploy.0 = Release|ARM64
		{C8F839D7-CAEC-43A0-AC57-DA382E6D3BB4}.Release|x64.ActiveCfg = Release|x64
		{C8F839D7-CAEC-43A0-AC57-DA382E6D3BB4}.Release|x64.Build.0 = Release|x64
		{C8F839D7-CAEC-43A0-AC57-DA382E6D3BB4}.Release|x64.Deploy.0 = Release|x64
		{C8F839D7-CAEC-43A0-AC57-DA382E6D3BB4}.Release|x86.ActiveCfg = Release|x86
		{C8F839D7-CAEC-43A0-AC57-DA382E6D3BB4}.Release|x86.Build.0 = Release|x86
		{C8F839D7-CAEC-43A0-AC57-DA382E6D3BB4}.Release|x86.Deploy.0 = Release|x86
		{E62FB778-BFBC-441F-805A-CD4009BDC857}.Debug|ARM.ActiveCfg = Debug|ARM
		{E62FB778-BFBC-441F-805A-CD4009BDC857}.Debug|ARM.Build.0 = Debug|ARM
		{E62FB778-BFBC-441F-805A-CD4009BDC857}.Debug|ARM.Deploy.0 = Debug|ARM
		{E62FB778-BFBC-441F-805A-CD4009BDC857}.Debug|ARM64.ActiveCfg = Debug|ARM64
		{E62FB778-BFBC-441F-805A-CD4009BDC857}.Debug|ARM64.Build.0 = Debug|ARM64
		{E62FB778-BFBC-441F-805A-CD4009BDC857}.Debug|ARM64.Deploy.0 = Debug|ARM64
		{E62FB778-BFBC-441F-805A-CD4009BDC857}.Debug|x64.ActiveCfg = Debug|x64
		{E62FB778-BFBC-441F-805A-CD4009BDC857}.Debug|x64.Build.0 = Debug|x64
		{E62FB778-BFBC-441F-805A-CD4009BDC857}.Debug|x64.Deploy.0 = Debug|x64
		{E62FB778-BFBC-441F-805A-CD4009BDC857}.Debug|x86.ActiveCfg = Debug|x86
		{E62FB778-BFBC-441F-805A-CD4009BDC857}.Debug|x86.Build.0 = Debug|x86
		{E62FB778-BFBC-441F-805A-CD4009BDC857}.Debug|x86.Deploy.0 = Debug|x86
		{E62FB778-BFBC-441F-805A-CD4009BDC857}.Release|ARM.ActiveCfg = Release|ARM
		{E62FB778-BFBC-441F-805A-CD4009BDC857}.Release|ARM.Build.0 = Release|ARM
		{E62FB778-BFBC-441F-805A-CD4009BDC857}.Release|ARM.Deploy.0 = Release|ARM
		{E62FB778-BFBC-441F-805A-CD4009BDC857}.Release|ARM64.ActiveCfg = Release|ARM64
		{E62FB778-BFBC-441F-805A-CD4009BDC857}.Release|ARM64.Build.0 = Release|ARM64
		{E62FB778-BFBC-441F-805A-CD4009BDC857}.Release|ARM64.Deploy.0 = Release|ARM64
		{E62FB778-BFBC-441F-805A-CD4009BDC857}.Release|x64.ActiveCfg = Release|x64
		{E62FB778-BFBC-441F-805A-CD4009BDC857}.Release|x64.Build.0 = Release|x64
		{E62FB778-BFBC-441F-805A-CD4009BDC857}.Release|x64.Deploy.0 = Release|x64
		{E62FB778-BFBC-441F-805A-CD4009BDC857}.Release|x86.ActiveCfg = Release|x86
		{E62FB778-BFBC-441F-805A-CD4009BDC857}.Release|x86.Build.0 = Release|x86
		{E62FB778-BFBC-441F-805A-CD4009BDC857}.Release|x86.Deploy.0 = Release|x86
		{3A0F2B7F-104F-414E-944F-61FC57166491}.Debug|ARM.ActiveCfg = Debug|x64
		{3A0F2B7F-104F-414E-944F-61FC57166491}.Debug|ARM.Build.0 = Debug|x64
		{3A0F2B7F-104F-414E-944F-61FC57166491}.Debug|ARM64.ActiveCfg = Debug|x64
		{3A0F2B7F-104F-414E-944F-61FC57166491}.Debug|ARM64.Build.0 = Debug|x64
		{3A0F2B7F-104F-414E-944F-61FC57166491}.Debug|x64.ActiveCfg = Debug|x64
		{3A0F2B7F-104F-414E-944F-61FC57166491}.Debug|x64.Build.0 = Debug|x64
		{3A0F2B7F-104F-414E-944F-61FC57166491}.Debug|x86.ActiveCfg = Debug|Win32
		{3A0F2B7F-104F-414E-944F-61FC57166491}.Debug|x86.Build.0 = Debug|Win32
		{3A0F2B7F-104F-414E-944F-61FC57166491}.Release|ARM.ActiveCfg = Release|x64
		{3A0F2B7F-104F-414E-944F-61FC57166491}.Release|ARM.Build.0 = Release|x64
		{3A0F2B7F-104F-414E-944F-61FC57166491}.Release|ARM64.ActiveCfg = Release|x64
		{3A0F2B7F-104F-414E-944F-61FC57166491}.Release|ARM64.Build.0 = Release|x64
		{3A0F2B7F-104F-414E-944F-61FC57166491}.Release|x64.ActiveCfg = Release|x64
		{3A0F2B7F-104F-414E-944F-61FC57166491}.Release|x64.Build.0 = Release|x64
		{3A0F2B7F-104F-414E-944F-61FC57166491}.Release|x86.ActiveCfg = Release|Win32
		{3A0F2B7F-104F-414E-944F-61FC57166491}.Release|x86.Build.0 = Release|Win32
	EndGlobalSection
	GlobalSection(SolutionProperties) = preSolution
		HideSolutionNode = FALSE
	EndGlobalSection
	GlobalSection(NestedProjects) = preSolution
		{C8F839D7-CAEC-43A0-AC57-DA382E6D3BB4} = {39B9EBDF-08BE-4AC3-A63F-0E153B077D37}
		{E62FB778-BFBC-441F-805A-CD4009BDC857} = {79028434-200F-498C-866A-41FAA7C7A16C}
		{3A0F2B7F-104F-414E-944F-61FC57166491} = {82ABE21C-AA9F-4BCA-B43F-6E8C1A158E0F}
		{82ABE21C-AA9F-4BCA-B43F-6E8C1A158E0F} = {79028434-200F-498C-866A-41FAA7C7A16C}
	EndGlobalSection
	GlobalSection(ExtensibilityGlobals) = postSolution
		SolutionGuid = {FD56013D-BC98-48FF-BF14-BA5F3F8833AF}
	EndGlobalSection
EndGlobal
