<?xml version="1.0" encoding="utf-8"?>
<Project ToolsVersion="4.0" xmlns="http://schemas.microsoft.com/developer/msbuild/2003">
  <ItemGroup>
    <Filter Include="Source Files">
      <UniqueIdentifier>{4FC737F1-C7A5-4376-A066-2A32D752A2FF}</UniqueIdentifier>
      <Extensions>cpp;c;cc;cxx;def;odl;idl;hpj;bat;asm;asmx</Extensions>
    </Filter>
    <Filter Include="Header Files">
      <UniqueIdentifier>{93995380-89BD-4b04-88EB-625FBE52EBFB}</UniqueIdentifier>
      <Extensions>h;hh;hpp;hxx;hm;inl;inc;xsd</Extensions>
    </Filter>
    <Filter Include="Misc Files">
      <UniqueIdentifier>{67DA6AB6-F800-4c08-8B7A-83BB121AAD01}</UniqueIdentifier>
      <Extensions>xml;json;txt;rc;ico;cur;bmp;dlg;rc2;rct;bin;rgs;gif;jpg;jpeg;jpe;resx;tiff;tif;png;wav;mfcribbon-ms</Extensions>
    </Filter>
    <Filter Include="activity">
      <UniqueIdentifier>{4d976053-aab9-425d-8b5e-a74e452f9c59}</UniqueIdentifier>
    </Filter>
    <Filter Include="business_layer">
      <UniqueIdentifier>{5a4682d4-63ba-4781-991b-56268a15c0e9}</UniqueIdentifier>
    </Filter>
    <Filter Include="model">
      <UniqueIdentifier>{a7248c5f-312d-4118-aebe-f8b2bf18f278}</UniqueIdentifier>
    </Filter>
    <Filter Include="model\application">
      <UniqueIdentifier>{5504ee17-9e14-466e-8e9c-50e671866f7c}</UniqueIdentifier>
    </Filter>
    <Filter Include="model\application\for_test">
      <UniqueIdentifier>{18cfbc1c-7638-4c32-9ebe-03ad5d894f44}</UniqueIdentifier>
    </Filter>
    <Filter Include="circuit">
      <UniqueIdentifier>{6b9280c4-05d3-4a70-b1ad-06834d0d8535}</UniqueIdentifier>
    </Filter>
    <Filter Include="repository">
      <UniqueIdentifier>{e67b78c4-930e-42e1-99c9-abd812ff3556}</UniqueIdentifier>
    </Filter>
    <Filter Include="commons">
      <UniqueIdentifier>{5ae29df7-35b2-4695-ab11-e9311a1c0c36}</UniqueIdentifier>
    </Filter>
  </ItemGroup>
  <ItemGroup>
    <None Include="src\arduino folders read me.txt">
      <Filter>Misc Files</Filter>
    </None>
    <None Include="..\circuit_study\12VMultipleBatteriesSystem\12VMultipleBatteriesSystem.brd">
      <Filter>circuit</Filter>
    </None>
    <None Include="..\circuit_study\12VMultipleBatteriesSystem\Current-Temperature-MultiPlex.brd">
      <Filter>circuit</Filter>
    </None>
    <None Include="..\circuit_study\12VMultipleBatteriesSystem\12V_current_temperature_board_02.brd">
      <Filter>circuit</Filter>
    </None>
  </ItemGroup>
  <ItemGroup>
    <ClCompile Include="src\business\ControlUnit_BL.cpp">
      <Filter>business_layer</Filter>
    </ClCompile>
    <ClCompile Include="12VoltsBatteriesRack.ino" />
  </ItemGroup>
  <ItemGroup>
    <ClInclude Include="__vm\.MockProjectSample.vsarduino.h">
      <Filter>Header Files</Filter>
    </ClInclude>
    <ClInclude Include="__vm\.ArduinoProjectSample.vsarduino.h">
      <Filter>Header Files</Filter>
    </ClInclude>
    <ClInclude Include="src\business\ControlUnit_BL.h">
      <Filter>business_layer</Filter>
    </ClInclude>
    <ClInclude Include="__vm\.12VoltsBatteriesRack.vsarduino.h">
      <Filter>Header Files</Filter>
    </ClInclude>
    <ClInclude Include="src\model\DeMuxPlexerEntity.h">
      <Filter>model\application\for_test</Filter>
    </ClInclude>
    <ClInclude Include="src\model\AppConfig.h">
      <Filter>model\application\for_test</Filter>
    </ClInclude>
    <ClInclude Include="__vm\.project_sample.vsarduino.h">
      <Filter>Header Files</Filter>
    </ClInclude>
    <ClInclude Include="__vm\.Battery_Charge_Rack_Modular_Protection_Unit.vsarduino.h">
      <Filter>Header Files</Filter>
    </ClInclude>
  </ItemGroup>
</Project>